// !$*UTF8*$!
{
	archiveVersion = 1;
	classes = {
	};
	objectVersion = 50;
	objects = {

/* Begin PBXBuildFile section */
		BFDF2985245BDF5400377D84 /* AppDelegate.swift in Sources */ = {isa = PBXBuildFile; fileRef = BFDF2984245BDF5400377D84 /* AppDelegate.swift */; };
		BFDF2987245BDF5400377D84 /* SceneDelegate.swift in Sources */ = {isa = PBXBuildFile; fileRef = BFDF2986245BDF5400377D84 /* SceneDelegate.swift */; };
		BFDF2989245BDF5400377D84 /* ViewController.swift in Sources */ = {isa = PBXBuildFile; fileRef = BFDF2988245BDF5400377D84 /* ViewController.swift */; };
		BFDF298C245BDF5400377D84 /* Main.storyboard in Resources */ = {isa = PBXBuildFile; fileRef = BFDF298A245BDF5400377D84 /* Main.storyboard */; };
		BFDF298E245BDF5700377D84 /* Assets.xcassets in Resources */ = {isa = PBXBuildFile; fileRef = BFDF298D245BDF5700377D84 /* Assets.xcassets */; };
		BFDF2991245BDF5700377D84 /* LaunchScreen.storyboard in Resources */ = {isa = PBXBuildFile; fileRef = BFDF298F245BDF5700377D84 /* LaunchScreen.storyboard */; };
/* End PBXBuildFile section */

/* Begin PBXFileReference section */
		BFDF2981245BDF5400377D84 /* DispatchGroupExamples.app */ = {isa = PBXFileReference; explicitFileType = wrapper.application; includeInIndex = 0; path = DispatchGroupExamples.app; sourceTree = BUILT_PRODUCTS_DIR; };
		BFDF2984245BDF5400377D84 /* AppDelegate.swift */ = {isa = PBXFileReference; lastKnownFileType = sourcecode.swift; path = AppDelegate.swift; sourceTree = "<group>"; };
		BFDF2986245BDF5400377D84 /* SceneDelegate.swift */ = {isa = PBXFileReference; lastKnownFileType = sourcecode.swift; path = SceneDelegate.swift; sourceTree = "<group>"; };
		BFDF2988245BDF5400377D84 /* ViewController.swift */ = {isa = PBXFileReference; lastKnownFileType = sourcecode.swift; path = ViewController.swift; sourceTree = "<group>"; };
		BFDF298B245BDF5400377D84 /* Base */ = {isa = PBXFileReference; lastKnownFileType = file.storyboard; name = Base; path = Base.lproj/Main.storyboard; sourceTree = "<group>"; };
		BFDF298D245BDF5700377D84 /* Assets.xcassets */ = {isa = PBXFileReference; lastKnownFileType = folder.assetcatalog; path = Assets.xcassets; sourceTree = "<group>"; };
		BFDF2990245BDF5700377D84 /* Base */ = {isa = PBXFileReference; lastKnownFileType = file.storyboard; name = Base; path = Base.lproj/LaunchScreen.storyboard; sourceTree = "<group>"; };
		BFDF2992245BDF5700377D84 /* Info.plist */ = {isa = PBXFileReference; lastKnownFileType = text.plist.xml; path = Info.plist; sourceTree = "<group>"; };
/* End PBXFileReference section */

/* Begin PBXFrameworksBuildPhase section */
		BFDF297E245BDF5400377D84 /* Frameworks */ = {
			isa = PBXFrameworksBuildPhase;
			buildActionMask = 2147483647;
			files = (
			);
			runOnlyForDeploymentPostprocessing = 0;
		};
/* End PBXFrameworksBuildPhase section */

/* Begin PBXGroup section */
		BFDF2978245BDF5400377D84 = {
			isa = PBXGroup;
			children = (
				BFDF2983245BDF5400377D84 /* DispatchGroupExamples */,
				BFDF2982245BDF5400377D84 /* Products */,
			);
			sourceTree = "<group>";
		};
		BFDF2982245BDF5400377D84 /* Products */ = {
			isa = PBXGroup;
			children = (
				BFDF2981245BDF5400377D84 /* DispatchGroupExamples.app */,
			);
			name = Products;
			sourceTree = "<group>";
		};
		BFDF2983245BDF5400377D84 /* DispatchGroupExamples */ = {
			isa = PBXGroup;
			children = (
				BFDF2984245BDF5400377D84 /* AppDelegate.swift */,
				BFDF2986245BDF5400377D84 /* SceneDelegate.swift */,
				BFDF2988245BDF5400377D84 /* ViewController.swift */,
				BFDF298A245BDF5400377D84 /* Main.storyboard */,
				BFDF298D245BDF5700377D84 /* Assets.xcassets */,
				BFDF298F245BDF5700377D84 /* LaunchScreen.storyboard */,
				BFDF2992245BDF5700377D84 /* Info.plist */,
			);
			path = DispatchGroupExamples;
			sourceTree = "<group>";
		};
/* End PBXGroup section */

/* Begin PBXNativeTarget section */
		BFDF2980245BDF5400377D84 /* DispatchGroupExamples */ = {
			isa = PBXNativeTarget;
			buildConfigurationList = BFDF2995245BDF5700377D84 /* Build configuration list for PBXNativeTarget "DispatchGroupExamples" */;
			buildPhases = (
				BFDF297D245BDF5400377D84 /* Sources */,
				BFDF297E245BDF5400377D84 /* Frameworks */,
				BFDF297F245BDF5400377D84 /* Resources */,
			);
			buildRules = (
			);
			dependencies = (
			);
			name = DispatchGroupExamples;
			productName = DispatchGroupExamples;
			productReference = BFDF2981245BDF5400377D84 /* DispatchGroupExamples.app */;
			productType = "com.apple.product-type.application";
		};
/* End PBXNativeTarget section */

/* Begin PBXProject section */
		BFDF2979245BDF5400377D84 /* Project object */ = {
			isa = PBXProject;
			attributes = {
				LastSwiftUpdateCheck = 1140;
				LastUpgradeCheck = 1140;
				ORGANIZATIONNAME = "Akshit Zaveri";
				TargetAttributes = {
					BFDF2980245BDF5400377D84 = {
						CreatedOnToolsVersion = 11.4;
					};
				};
			};
			buildConfigurationList = BFDF297C245BDF5400377D84 /* Build configuration list for PBXProject "DispatchGroupExamples" */;
			compatibilityVersion = "Xcode 9.3";
			developmentRegion = en;
			hasScannedForEncodings = 0;
			knownRegions = (
				en,
				Base,
			);
			mainGroup = BFDF2978245BDF5400377D84;
			productRefGroup = BFDF2982245BDF5400377D84 /* Products */;
			projectDirPath = "";
			projectRoot = "";
			targets = (
				BFDF2980245BDF5400377D84 /* DispatchGroupExamples */,
			);
		};
/* End PBXProject section */

/* Begin PBXResourcesBuildPhase section */
		BFDF297F245BDF5400377D84 /* Resources */ = {
			isa = PBXResourcesBuildPhase;
			buildActionMask = 2147483647;
			files = (
				BFDF2991245BDF5700377D84 /* LaunchScreen.storyboard in Resources */,
				BFDF298E245BDF5700377D84 /* Assets.xcassets in Resources */,
				BFDF298C245BDF5400377D84 /* Main.storyboard in Resources */,
			);
			runOnlyForDeploymentPostprocessing = 0;
		};
/* End PBXResourcesBuildPhase section */

/* Begin PBXSourcesBuildPhase section */
		BFDF297D245BDF5400377D84 /* Sources */ = {
			isa = PBXSourcesBuildPhase;
			buildActionMask = 2147483647;
			files = (
				BFDF2989245BDF5400377D84 /* ViewController.swift in Sources */,
				BFDF2985245BDF5400377D84 /* AppDelegate.swift in Sources */,
				BFDF2987245BDF5400377D84 /* SceneDelegate.swift in Sources */,
			);
			runOnlyForDeploymentPostprocessing = 0;
		};
/* End PBXSourcesBuildPhase section */

/* Begin PBXVariantGroup section */
		BFDF298A245BDF5400377D84 /* Main.storyboard */ = {
			isa = PBXVariantGroup;
			children = (
				BFDF298B245BDF5400377D84 /* Base */,
			);
			name = Main.storyboard;
			sourceTree = "<group>";
		};
		BFDF298F245BDF5700377D84 /* LaunchScreen.storyboard */ = {
			isa = PBXVariantGroup;
			children = (
				BFDF2990245BDF5700377D84 /* Base */,
			);
			name = LaunchScreen.storyboard;
			sourceTree = "<group>";
		};
/* End PBXVariantGroup section */

/* Begin XCBuildConfiguration section */
		BFDF2993245BDF5700377D84 /* Debug */ = {
			isa = XCBuildConfiguration;
			buildSettings = {
				ALWAYS_SEARCH_USER_PATHS = NO;
				CLANG_ANALYZER_NONNULL = YES;
				CLANG_ANALYZER_NUMBER_OBJECT_CONVERSION = YES_AGGRESSIVE;
				CLANG_CXX_LANGUAGE_STANDARD = "gnu++14";
				CLANG_CXX_LIBRARY = "libc++";
				CLANG_ENABLE_MODULES = YES;
				CLANG_ENABLE_OBJC_ARC = YES;
				CLANG_ENABLE_OBJC_WEAK = YES;
				CLANG_WARN_BLOCK_CAPTURE_AUTORELEASING = YES;
				CLANG_WARN_BOOL_CONVERSION = YES;
				CLANG_WARN_COMMA = YES;
				CLANG_WARN_CONSTANT_CONVERSION = YES;
				CLANG_WARN_DEPRECATED_OBJC_IMPLEMENTATIONS = YES;
				CLANG_WARN_DIRECT_OBJC_ISA_USAGE = YES_ERROR;
				CLANG_WARN_DOCUMENTATION_COMMENTS = YES;
				CLANG_WARN_EMPTY_BODY = YES;
				CLANG_WARN_ENUM_CONVERSION = YES;
				CLANG_WARN_INFINITE_RECURSION = YES;
				CLANG_WARN_INT_CONVERSION = YES;
				CLANG_WARN_NON_LITERAL_NULL_CONVERSION = YES;
				CLANG_WARN_OBJC_IMPLICIT_RETAIN_SELF = YES;
				CLANG_WARN_OBJC_LITERAL_CONVERSION = YES;
				CLANG_WARN_OBJC_ROOT_CLASS = YES_ERROR;
				CLANG_WARN_RANGE_LOOP_ANALYSIS = YES;
				CLANG_WARN_STRICT_PROTOTYPES = YES;
				CLANG_WARN_SUSPICIOUS_MOVE = YES;
				CLANG_WARN_UNGUARDED_AVAILABILITY = YES_AGGRESSIVE;
				CLANG_WARN_UNREACHABLE_CODE = YES;
				CLANG_WARN__DUPLICATE_METHOD_MATCH = YES;
				COPY_PHASE_STRIP = NO;
				DEBUG_INFORMATION_FORMAT = dwarf;
				ENABLE_STRICT_OBJC_MSGSEND = YES;
				ENABLE_TESTABILITY = YES;
				GCC_C_LANGUAGE_STANDARD = gnu11;
				GCC_DYNAMIC_NO_PIC = NO;
				GCC_NO_COMMON_BLOCKS = YES;
				GCC_OPTIMIZATION_LEVEL = 0;
				GCC_PREPROCESSOR_DEFINITIONS = (
					"DEBUG=1",
					"$(inherited)",
				);
				GCC_WARN_64_TO_32_BIT_CONVERSION = YES;
				GCC_WARN_ABOUT_RETURN_TYPE = YES_ERROR;
				GCC_WARN_UNDECLARED_SELECTOR = YES;
				GCC_WARN_UNINITIALIZED_AUTOS = YES_AGGRESSIVE;
				GCC_WARN_UNUSED_FUNCTION = YES;
				GCC_WARN_UNUSED_VARIABLE = YES;
				IPHONEOS_DEPLOYMENT_TARGET = 13.4;
				MTL_ENABLE_DEBUG_INFO = INCLUDE_SOURCE;
				MTL_FAST_MATH = YES;
				ONLY_ACTIVE_ARCH = YES;
				SDKROOT = iphoneos;
				SWIFT_ACTIVE_COMPILATION_CONDITIONS = DEBUG;
				SWIFT_OPTIMIZATION_LEVEL = "-Onone";
			};
			name = Debug;
		};
		BFDF2994245BDF5700377D84 /* Release */ = {
			isa = XCBuildConfiguration;
			buildSettings = {
				ALWAYS_SEARCH_USER_PATHS = NO;
				CLANG_ANALYZER_NONNULL = YES;
				CLANG_ANALYZER_NUMBER_OBJECT_CONVERSION = YES_AGGRESSIVE;
				CLANG_CXX_LANGUAGE_STANDARD = "gnu++14";
				CLANG_CXX_LIBRARY = "libc++";
				CLANG_ENABLE_MODULES = YES;
				CLANG_ENABLE_OBJC_ARC = YES;
				CLANG_ENABLE_OBJC_WEAK = YES;
				CLANG_WARN_BLOCK_CAPTURE_AUTORELEASING = YES;
				CLANG_WARN_BOOL_CONVERSION = YES;
				CLANG_WARN_COMMA = YES;
				CLANG_WARN_CONSTANT_CONVERSION = YES;
				CLANG_WARN_DEPRECATED_OBJC_IMPLEMENTATIONS = YES;
				CLANG_WARN_DIRECT_OBJC_ISA_USAGE = YES_ERROR;
				CLANG_WARN_DOCUMENTATION_COMMENTS = YES;
				CLANG_WARN_EMPTY_BODY = YES;
				CLANG_WARN_ENUM_CONVERSION = YES;
				CLANG_WARN_INFINITE_RECURSION = YES;
				CLANG_WARN_INT_CONVERSION = YES;
				CLANG_WARN_NON_LITERAL_NULL_CONVERSION = YES;
				CLANG_WARN_OBJC_IMPLICIT_RETAIN_SELF = YES;
				CLANG_WARN_OBJC_LITERAL_CONVERSION = YES;
				CLANG_WARN_OBJC_ROOT_CLASS = YES_ERROR;
				CLANG_WARN_RANGE_LOOP_ANALYSIS = YES;
				CLANG_WARN_STRICT_PROTOTYPES = YES;
				CLANG_WARN_SUSPICIOUS_MOVE = YES;
				CLANG_WARN_UNGUARDED_AVAILABILITY = YES_AGGRESSIVE;
				CLANG_WARN_UNREACHABLE_CODE = YES;
				CLANG_WARN__DUPLICATE_METHOD_MATCH = YES;
				COPY_PHASE_STRIP = NO;
				DEBUG_INFORMATION_FORMAT = "dwarf-with-dsym";
				ENABLE_NS_ASSERTIONS = NO;
				ENABLE_STRICT_OBJC_MSGSEND = YES;
				GCC_C_LANGUAGE_STANDARD = gnu11;
				GCC_NO_COMMON_BLOCKS = YES;
				GCC_WARN_64_TO_32_BIT_CONVERSION = YES;
				GCC_WARN_ABOUT_RETURN_TYPE = YES_ERROR;
				GCC_WARN_UNDECLARED_SELECTOR = YES;
				GCC_WARN_UNINITIALIZED_AUTOS = YES_AGGRESSIVE;
				GCC_WARN_UNUSED_FUNCTION = YES;
				GCC_WARN_UNUSED_VARIABLE = YES;
				IPHONEOS_DEPLOYMENT_TARGET = 13.4;
				MTL_ENABLE_DEBUG_INFO = NO;
				MTL_FAST_MATH = YES;
				SDKROOT = iphoneos;
				SWIFT_COMPILATION_MODE = wholemodule;
				SWIFT_OPTIMIZATION_LEVEL = "-O";
				VALIDATE_PRODUCT = YES;
			};
			name = Release;
		};
		BFDF2996245BDF5700377D84 /* Debug */ = {
			isa = XCBuildConfiguration;
			buildSettings = {
				ASSETCATALOG_COMPILER_APPICON_NAME = AppIcon;
				CODE_SIGN_STYLE = Automatic;
				DEVELOPMENT_TEAM = 6G977HV28A;
				INFOPLIST_FILE = DispatchGroupExamples/Info.plist;
				LD_RUNPATH_SEARCH_PATHS = (
					"$(inherited)",
					"@executable_path/Frameworks",
				);
				PRODUCT_BUNDLE_IDENTIFIER = com.akshit.DispatchGroupExamples;
				PRODUCT_NAME = "$(TARGET_NAME)";
				SWIFT_VERSION = 5.0;
				TARGETED_DEVICE_FAMILY = "1,2";
			};
			name = Debug;
		};
		BFDF2997245BDF5700377D84 /* Release */ = {
			isa = XCBuildConfiguration;
			buildSettings = {
				ASSETCATALOG_COMPILER_APPICON_NAME = AppIcon;
				CODE_SIGN_STYLE = Automatic;
				DEVELOPMENT_TEAM = 6G977HV28A;
				INFOPLIST_FILE = DispatchGroupExamples/Info.plist;
				LD_RUNPATH_SEARCH_PATHS = (
					"$(inherited)",
					"@executable_path/Frameworks",
				);
				PRODUCT_BUNDLE_IDENTIFIER = com.akshit.DispatchGroupExamples;
				PRODUCT_NAME = "$(TARGET_NAME)";
				SWIFT_VERSION = 5.0;
				TARGETED_DEVICE_FAMILY = "1,2";
			};
			name = Release;
		};
/* End XCBuildConfiguration section */

/* Begin XCConfigurationList section */
		BFDF297C245BDF5400377D84 /* Build configuration list for PBXProject "DispatchGroupExamples" */ = {
			isa = XCConfigurationList;
			buildConfigurations = (
				BFDF2993245BDF5700377D84 /* Debug */,
				BFDF2994245BDF5700377D84 /* Release */,
			);
			defaultConfigurationIsVisible = 0;
			defaultConfigurationName = Release;
		};
		BFDF2995245BDF5700377D84 /* Build configuration list for PBXNativeTarget "DispatchGroupExamples" */ = {
			isa = XCConfigurationList;
			buildConfigurations = (
				BFDF2996245BDF5700377D84 /* Debug */,
				BFDF2997245BDF5700377D84 /* Release */,
			);
			defaultConfigurationIsVisible = 0;
			defaultConfigurationName = Release;
		};
/* End XCConfigurationList section */
	};
	rootObject = BFDF2979245BDF5400377D84 /* Project object */;
}
